
Microsoft Visual Studio Solution File, Format Version 12.00
# Visual Studio Version 17
VisualStudioVersion = 17.7.34031.279
MinimumVisualStudioVersion = 10.0.40219.1
Project("{FAE04EC0-301F-11D3-BF4B-00C04F79EFBC}") = "CalcularIMC_XGVC.Android", "CalcularIMC_XGVC.Android\CalcularIMC_XGVC.Android.csproj", "{C6EB5857-8D9E-45CE-8B32-61D4F2D64E34}"
EndProject
Project("{FAE04EC0-301F-11D3-BF4B-00C04F79EFBC}") = "CalcularIMC_XGVC.iOS", "CalcularIMC_XGVC.iOS\CalcularIMC_XGVC.iOS.csproj", "{F64C1CC8-9A0C-4C48-BBAF-327AE4A86B1B}"
EndProject
Project("{FAE04EC0-301F-11D3-BF4B-00C04F79EFBC}") = "CalcularIMC_XGVC", "CalcularIMC_XGVC\CalcularIMC_XGVC.csproj", "{2D7630FA-B1D1-48B0-A30E-6C4D17128ED3}"
EndProject
Global
	GlobalSection(SolutionConfigurationPlatforms) = preSolution
		Debug|Any CPU = Debug|Any CPU
		Debug|iPhone = Debug|iPhone
		Debug|iPhoneSimulator = Debug|iPhoneSimulator
		Release|Any CPU = Release|Any CPU
		Release|iPhone = Release|iPhone
		Release|iPhoneSimulator = Release|iPhoneSimulator
	EndGlobalSection
	GlobalSection(ProjectConfigurationPlatforms) = postSolution
		{C6EB5857-8D9E-45CE-8B32-61D4F2D64E34}.Debug|Any CPU.ActiveCfg = Debug|Any CPU
		{C6EB5857-8D9E-45CE-8B32-61D4F2D64E34}.Debug|Any CPU.Build.0 = Debug|Any CPU
		{C6EB5857-8D9E-45CE-8B32-61D4F2D64E34}.Debug|Any CPU.Deploy.0 = Debug|Any CPU
		{C6EB5857-8D9E-45CE-8B32-61D4F2D64E34}.Debug|iPhone.ActiveCfg = Debug|Any CPU
		{C6EB5857-8D9E-45CE-8B32-61D4F2D64E34}.Debug|iPhone.Build.0 = Debug|Any CPU
		{C6EB5857-8D9E-45CE-8B32-61D4F2D64E34}.Debug|iPhone.Deploy.0 = Debug|Any CPU
		{C6EB5857-8D9E-45CE-8B32-61D4F2D64E34}.Debug|iPhoneSimulator.ActiveCfg = Debug|Any CPU
		{C6EB5857-8D9E-45CE-8B32-61D4F2D64E34}.Debug|iPhoneSimulator.Build.0 = Debug|Any CPU
		{C6EB5857-8D9E-45CE-8B32-61D4F2D64E34}.Debug|iPhoneSimulator.Deploy.0 = Debug|Any CPU
		{C6EB5857-8D9E-45CE-8B32-61D4F2D64E34}.Release|Any CPU.ActiveCfg = Release|Any CPU
		{C6EB5857-8D9E-45CE-8B32-61D4F2D64E34}.Release|Any CPU.Build.0 = Release|Any CPU
		{C6EB5857-8D9E-45CE-8B32-61D4F2D64E34}.Release|Any CPU.Deploy.0 = Release|Any CPU
		{C6EB5857-8D9E-45CE-8B32-61D4F2D64E34}.Release|iPhone.ActiveCfg = Release|Any CPU
		{C6EB5857-8D9E-45CE-8B32-61D4F2D64E34}.Release|iPhone.Build.0 = Release|Any CPU
		{C6EB5857-8D9E-45CE-8B32-61D4F2D64E34}.Release|iPhone.Deploy.0 = Release|Any CPU
		{C6EB5857-8D9E-45CE-8B32-61D4F2D64E34}.Release|iPhoneSimulator.ActiveCfg = Release|Any CPU
		{C6EB5857-8D9E-45CE-8B32-61D4F2D64E34}.Release|iPhoneSimulator.Build.0 = Release|Any CPU
		{C6EB5857-8D9E-45CE-8B32-61D4F2D64E34}.Release|iPhoneSimulator.Deploy.0 = Release|Any CPU
		{F64C1CC8-9A0C-4C48-BBAF-327AE4A86B1B}.Debug|Any CPU.ActiveCfg = Debug|iPhone
		{F64C1CC8-9A0C-4C48-BBAF-327AE4A86B1B}.Debug|Any CPU.Build.0 = Debug|iPhone
		{F64C1CC8-9A0C-4C48-BBAF-327AE4A86B1B}.Debug|Any CPU.Deploy.0 = Debug|iPhone
		{F64C1CC8-9A0C-4C48-BBAF-327AE4A86B1B}.Debug|iPhone.ActiveCfg = Debug|iPhone
		{F64C1CC8-9A0C-4C48-BBAF-327AE4A86B1B}.Debug|iPhone.Build.0 = Debug|iPhone
		{F64C1CC8-9A0C-4C48-BBAF-327AE4A86B1B}.Debug|iPhone.Deploy.0 = Debug|iPhone
		{F64C1CC8-9A0C-4C48-BBAF-327AE4A86B1B}.Debug|iPhoneSimulator.ActiveCfg = Debug|iPhoneSimulator
		{F64C1CC8-9A0C-4C48-BBAF-327AE4A86B1B}.Debug|iPhoneSimulator.Build.0 = Debug|iPhoneSimulator
		{F64C1CC8-9A0C-4C48-BBAF-327AE4A86B1B}.Debug|iPhoneSimulator.Deploy.0 = Debug|iPhoneSimulator
		{F64C1CC8-9A0C-4C48-BBAF-327AE4A86B1B}.Release|Any CPU.ActiveCfg = Release|iPhoneSimulator
		{F64C1CC8-9A0C-4C48-BBAF-327AE4A86B1B}.Release|Any CPU.Build.0 = Release|iPhoneSimulator
		{F64C1CC8-9A0C-4C48-BBAF-327AE4A86B1B}.Release|Any CPU.Deploy.0 = Release|iPhoneSimulator
		{F64C1CC8-9A0C-4C48-BBAF-327AE4A86B1B}.Release|iPhone.ActiveCfg = Release|iPhone
		{F64C1CC8-9A0C-4C48-BBAF-327AE4A86B1B}.Release|iPhone.Build.0 = Release|iPhone
		{F64C1CC8-9A0C-4C48-BBAF-327AE4A86B1B}.Release|iPhone.Deploy.0 = Release|iPhone
		{F64C1CC8-9A0C-4C48-BBAF-327AE4A86B1B}.Release|iPhoneSimulator.ActiveCfg = Release|iPhoneSimulator
		{F64C1CC8-9A0C-4C48-BBAF-327AE4A86B1B}.Release|iPhoneSimulator.Build.0 = Release|iPhoneSimulator
		{F64C1CC8-9A0C-4C48-BBAF-327AE4A86B1B}.Release|iPhoneSimulator.Deploy.0 = Release|iPhoneSimulator
		{2D7630FA-B1D1-48B0-A30E-6C4D17128ED3}.Debug|Any CPU.ActiveCfg = Debug|Any CPU
		{2D7630FA-B1D1-48B0-A30E-6C4D17128ED3}.Debug|Any CPU.Build.0 = Debug|Any CPU
		{2D7630FA-B1D1-48B0-A30E-6C4D17128ED3}.Debug|Any CPU.Deploy.0 = Debug|Any CPU
		{2D7630FA-B1D1-48B0-A30E-6C4D17128ED3}.Debug|iPhone.ActiveCfg = Debug|Any CPU
		{2D7630FA-B1D1-48B0-A30E-6C4D17128ED3}.Debug|iPhone.Build.0 = Debug|Any CPU
		{2D7630FA-B1D1-48B0-A30E-6C4D17128ED3}.Debug|iPhone.Deploy.0 = Debug|Any CPU
		{2D7630FA-B1D1-48B0-A30E-6C4D17128ED3}.Debug|iPhoneSimulator.ActiveCfg = Debug|Any CPU
		{2D7630FA-B1D1-48B0-A30E-6C4D17128ED3}.Debug|iPhoneSimulator.Build.0 = Debug|Any CPU
		{2D7630FA-B1D1-48B0-A30E-6C4D17128ED3}.Debug|iPhoneSimulator.Deploy.0 = Debug|Any CPU
		{2D7630FA-B1D1-48B0-A30E-6C4D17128ED3}.Release|Any CPU.ActiveCfg = Release|Any CPU
		{2D7630FA-B1D1-48B0-A30E-6C4D17128ED3}.Release|Any CPU.Build.0 = Release|Any CPU
		{2D7630FA-B1D1-48B0-A30E-6C4D17128ED3}.Release|Any CPU.Deploy.0 = Release|Any CPU
		{2D7630FA-B1D1-48B0-A30E-6C4D17128ED3}.Release|iPhone.ActiveCfg = Release|Any CPU
		{2D7630FA-B1D1-48B0-A30E-6C4D17128ED3}.Release|iPhone.Build.0 = Release|Any CPU
		{2D7630FA-B1D1-48B0-A30E-6C4D17128ED3}.Release|iPhone.Deploy.0 = Release|Any CPU
		{2D7630FA-B1D1-48B0-A30E-6C4D17128ED3}.Release|iPhoneSimulator.ActiveCfg = Release|Any CPU
		{2D7630FA-B1D1-48B0-A30E-6C4D17128ED3}.Release|iPhoneSimulator.Build.0 = Release|Any CPU
		{2D7630FA-B1D1-48B0-A30E-6C4D17128ED3}.Release|iPhoneSimulator.Deploy.0 = Release|Any CPU
	EndGlobalSection
	GlobalSection(SolutionProperties) = preSolution
		HideSolutionNode = FALSE
	EndGlobalSection
	GlobalSection(ExtensibilityGlobals) = postSolution
		SolutionGuid = {55713FF8-54FC-493B-9BCB-17AAB187C682}
	EndGlobalSection
EndGlobal
